
Microsoft Visual Studio Solution File, Format Version 11.00
# Visual Studio 2010
Project("{8BC9CEB8-8B4A-11D0-8D11-00A0C91BC942}") = "astA4", "astA4\astA4.vcxproj", "{359FD6A9-8911-4B4F-8339-E8EB5218FC63}"
EndProject
Global
	GlobalSection(SolutionConfigurationPlatforms) = preSolution
		Debug|Win32 = Debug|Win32
		Release|Win32 = Release|Win32
	EndGlobalSection
	GlobalSection(ProjectConfigurationPlatforms) = postSolution
		{359FD6A9-8911-4B4F-8339-E8EB5218FC63}.Debug|Win32.ActiveCfg = Debug|Win32
		{359FD6A9-8911-4B4F-8339-E8EB5218FC63}.Debug|Win32.Build.0 = Debug|Win32
		{359FD6A9-8911-4B4F-8339-E8EB5218FC63}.Release|Win32.ActiveCfg = Release|Win32
		{359FD6A9-8911-4B4F-8339-E8EB5218FC63}.Release|Win32.Build.0 = Release|Win32
	EndGlobalSection
	GlobalSection(SolutionProperties) = preSolution
		HideSolutionNode = FALSE
	EndGlobalSection
EndGlobal
